
Microsoft Visual Studio Solution File, Format Version 12.00
# Visual Studio Version 17
VisualStudioVersion = 17.0.32126.317
MinimumVisualStudioVersion = 10.0.40219.1
Project("{FAE04EC0-301F-11D3-BF4B-00C04F79EFBC}") = "LAB_Abstraction-", "LAB_Abstraction-\LAB_Abstraction-.csproj", "{2420F315-E925-4BF3-A259-3E8ABB36E5EC}"
EndProject
Global
	GlobalSection(SolutionConfigurationPlatforms) = preSolution
		Debug|Any CPU = Debug|Any CPU
		Release|Any CPU = Release|Any CPU
	EndGlobalSection
	GlobalSection(ProjectConfigurationPlatforms) = postSolution
		{2420F315-E925-4BF3-A259-3E8ABB36E5EC}.Debug|Any CPU.ActiveCfg = Debug|Any CPU
		{2420F315-E925-4BF3-A259-3E8ABB36E5EC}.Debug|Any CPU.Build.0 = Debug|Any CPU
		{2420F315-E925-4BF3-A259-3E8ABB36E5EC}.Release|Any CPU.ActiveCfg = Release|Any CPU
		{2420F315-E925-4BF3-A259-3E8ABB36E5EC}.Release|Any CPU.Build.0 = Release|Any CPU
	EndGlobalSection
	GlobalSection(SolutionProperties) = preSolution
		HideSolutionNode = FALSE
	EndGlobalSection
	GlobalSection(ExtensibilityGlobals) = postSolution
		SolutionGuid = {C9F844B2-EB1B-4CD2-BF73-26D4094E3FB0}
	EndGlobalSection
EndGlobal
